
Microsoft Visual Studio Solution File, Format Version 12.00
# Visual Studio Version 17
VisualStudioVersion = 17.0.31903.59
MinimumVisualStudioVersion = 10.0.40219.1
Project("{2150E333-8FDC-42A3-9474-1A3956D46DE8}") = "src", "src", "{827E0CD3-B72D-47B6-A68D-7590B98EB39B}"
EndProject
Project("{2150E333-8FDC-42A3-9474-1A3956D46DE8}") = "Api", "Api", "{81034408-37C8-1011-444E-4C15C2FADA8E}"
EndProject
Project("{FAE04EC0-301F-11D3-BF4B-00C04F79EFBC}") = "SatinAlmaPlatformu.Api", "src\Api\SatinAlmaPlatformu.Api\SatinAlmaPlatformu.Api.csproj", "{B493DA19-44CE-4D8B-BE8F-FD6CA445492B}"
EndProject
Project("{2150E333-8FDC-42A3-9474-1A3956D46DE8}") = "BusinessLogic", "BusinessLogic", "{82070EE1-719F-2840-8B2E-C31DA1CB4996}"
EndProject
Project("{FAE04EC0-301F-11D3-BF4B-00C04F79EFBC}") = "SatinAlmaPlatformu.BusinessLogic", "src\BusinessLogic\SatinAlmaPlatformu.BusinessLogic\SatinAlmaPlatformu.BusinessLogic.csproj", "{EAF5331B-627D-4D01-A7AD-ADF49E2AA734}"
EndProject
Project("{2150E333-8FDC-42A3-9474-1A3956D46DE8}") = "DataAccess", "DataAccess", "{0796A545-0232-5A86-4D4B-22DE456F7E19}"
EndProject
Project("{FAE04EC0-301F-11D3-BF4B-00C04F79EFBC}") = "SatinAlmaPlatformu.DataAccess", "src\DataAccess\SatinAlmaPlatformu.DataAccess\SatinAlmaPlatformu.DataAccess.csproj", "{2E4E431B-EC18-43A0-9C94-E30C9AC88EC8}"
EndProject
Project("{2150E333-8FDC-42A3-9474-1A3956D46DE8}") = "Entities", "Entities", "{5F5D2DA1-D523-9746-CCCB-000D35E306D2}"
EndProject
Project("{FAE04EC0-301F-11D3-BF4B-00C04F79EFBC}") = "SatinAlmaPlatformu.Entities", "src\Entities\SatinAlmaPlatformu.Entities\SatinAlmaPlatformu.Entities.csproj", "{D49E44C4-54CC-49CD-B1FF-3D7370753E5A}"
EndProject
Project("{2150E333-8FDC-42A3-9474-1A3956D46DE8}") = "Core", "Core", "{8D626EA8-CB54-BC41-363A-217881BEBA6E}"
EndProject
Project("{FAE04EC0-301F-11D3-BF4B-00C04F79EFBC}") = "SatinAlmaPlatformu.Core", "src\Core\SatinAlmaPlatformu.Core\SatinAlmaPlatformu.Core.csproj", "{2C4D4688-4500-4E32-8977-5650A9BAD34A}"
EndProject
Global
	GlobalSection(SolutionConfigurationPlatforms) = preSolution
		Debug|Any CPU = Debug|Any CPU
		Debug|x64 = Debug|x64
		Debug|x86 = Debug|x86
		Release|Any CPU = Release|Any CPU
		Release|x64 = Release|x64
		Release|x86 = Release|x86
	EndGlobalSection
	GlobalSection(ProjectConfigurationPlatforms) = postSolution
		{B493DA19-44CE-4D8B-BE8F-FD6CA445492B}.Debug|Any CPU.ActiveCfg = Debug|Any CPU
		{B493DA19-44CE-4D8B-BE8F-FD6CA445492B}.Debug|Any CPU.Build.0 = Debug|Any CPU
		{B493DA19-44CE-4D8B-BE8F-FD6CA445492B}.Debug|x64.ActiveCfg = Debug|Any CPU
		{B493DA19-44CE-4D8B-BE8F-FD6CA445492B}.Debug|x64.Build.0 = Debug|Any CPU
		{B493DA19-44CE-4D8B-BE8F-FD6CA445492B}.Debug|x86.ActiveCfg = Debug|Any CPU
		{B493DA19-44CE-4D8B-BE8F-FD6CA445492B}.Debug|x86.Build.0 = Debug|Any CPU
		{B493DA19-44CE-4D8B-BE8F-FD6CA445492B}.Release|Any CPU.ActiveCfg = Release|Any CPU
		{B493DA19-44CE-4D8B-BE8F-FD6CA445492B}.Release|Any CPU.Build.0 = Release|Any CPU
		{B493DA19-44CE-4D8B-BE8F-FD6CA445492B}.Release|x64.ActiveCfg = Release|Any CPU
		{B493DA19-44CE-4D8B-BE8F-FD6CA445492B}.Release|x64.Build.0 = Release|Any CPU
		{B493DA19-44CE-4D8B-BE8F-FD6CA445492B}.Release|x86.ActiveCfg = Release|Any CPU
		{B493DA19-44CE-4D8B-BE8F-FD6CA445492B}.Release|x86.Build.0 = Release|Any CPU
		{EAF5331B-627D-4D01-A7AD-ADF49E2AA734}.Debug|Any CPU.ActiveCfg = Debug|Any CPU
		{EAF5331B-627D-4D01-A7AD-ADF49E2AA734}.Debug|Any CPU.Build.0 = Debug|Any CPU
		{EAF5331B-627D-4D01-A7AD-ADF49E2AA734}.Debug|x64.ActiveCfg = Debug|Any CPU
		{EAF5331B-627D-4D01-A7AD-ADF49E2AA734}.Debug|x64.Build.0 = Debug|Any CPU
		{EAF5331B-627D-4D01-A7AD-ADF49E2AA734}.Debug|x86.ActiveCfg = Debug|Any CPU
		{EAF5331B-627D-4D01-A7AD-ADF49E2AA734}.Debug|x86.Build.0 = Debug|Any CPU
		{EAF5331B-627D-4D01-A7AD-ADF49E2AA734}.Release|Any CPU.ActiveCfg = Release|Any CPU
		{EAF5331B-627D-4D01-A7AD-ADF49E2AA734}.Release|Any CPU.Build.0 = Release|Any CPU
		{EAF5331B-627D-4D01-A7AD-ADF49E2AA734}.Release|x64.ActiveCfg = Release|Any CPU
		{EAF5331B-627D-4D01-A7AD-ADF49E2AA734}.Release|x64.Build.0 = Release|Any CPU
		{EAF5331B-627D-4D01-A7AD-ADF49E2AA734}.Release|x86.ActiveCfg = Release|Any CPU
		{EAF5331B-627D-4D01-A7AD-ADF49E2AA734}.Release|x86.Build.0 = Release|Any CPU
		{2E4E431B-EC18-43A0-9C94-E30C9AC88EC8}.Debug|Any CPU.ActiveCfg = Debug|Any CPU
		{2E4E431B-EC18-43A0-9C94-E30C9AC88EC8}.Debug|Any CPU.Build.0 = Debug|Any CPU
		{2E4E431B-EC18-43A0-9C94-E30C9AC88EC8}.Debug|x64.ActiveCfg = Debug|Any CPU
		{2E4E431B-EC18-43A0-9C94-E30C9AC88EC8}.Debug|x64.Build.0 = Debug|Any CPU
		{2E4E431B-EC18-43A0-9C94-E30C9AC88EC8}.Debug|x86.ActiveCfg = Debug|Any CPU
		{2E4E431B-EC18-43A0-9C94-E30C9AC88EC8}.Debug|x86.Build.0 = Debug|Any CPU
		{2E4E431B-EC18-43A0-9C94-E30C9AC88EC8}.Release|Any CPU.ActiveCfg = Release|Any CPU
		{2E4E431B-EC18-43A0-9C94-E30C9AC88EC8}.Release|Any CPU.Build.0 = Release|Any CPU
		{2E4E431B-EC18-43A0-9C94-E30C9AC88EC8}.Release|x64.ActiveCfg = Release|Any CPU
		{2E4E431B-EC18-43A0-9C94-E30C9AC88EC8}.Release|x64.Build.0 = Release|Any CPU
		{2E4E431B-EC18-43A0-9C94-E30C9AC88EC8}.Release|x86.ActiveCfg = Release|Any CPU
		{2E4E431B-EC18-43A0-9C94-E30C9AC88EC8}.Release|x86.Build.0 = Release|Any CPU
		{D49E44C4-54CC-49CD-B1FF-3D7370753E5A}.Debug|Any CPU.ActiveCfg = Debug|Any CPU
		{D49E44C4-54CC-49CD-B1FF-3D7370753E5A}.Debug|Any CPU.Build.0 = Debug|Any CPU
		{D49E44C4-54CC-49CD-B1FF-3D7370753E5A}.Debug|x64.ActiveCfg = Debug|Any CPU
		{D49E44C4-54CC-49CD-B1FF-3D7370753E5A}.Debug|x64.Build.0 = Debug|Any CPU
		{D49E44C4-54CC-49CD-B1FF-3D7370753E5A}.Debug|x86.ActiveCfg = Debug|Any CPU
		{D49E44C4-54CC-49CD-B1FF-3D7370753E5A}.Debug|x86.Build.0 = Debug|Any CPU
		{D49E44C4-54CC-49CD-B1FF-3D7370753E5A}.Release|Any CPU.ActiveCfg = Release|Any CPU
		{D49E44C4-54CC-49CD-B1FF-3D7370753E5A}.Release|Any CPU.Build.0 = Release|Any CPU
		{D49E44C4-54CC-49CD-B1FF-3D7370753E5A}.Release|x64.ActiveCfg = Release|Any CPU
		{D49E44C4-54CC-49CD-B1FF-3D7370753E5A}.Release|x64.Build.0 = Release|Any CPU
		{D49E44C4-54CC-49CD-B1FF-3D7370753E5A}.Release|x86.ActiveCfg = Release|Any CPU
		{D49E44C4-54CC-49CD-B1FF-3D7370753E5A}.Release|x86.Build.0 = Release|Any CPU
		{2C4D4688-4500-4E32-8977-5650A9BAD34A}.Debug|Any CPU.ActiveCfg = Debug|Any CPU
		{2C4D4688-4500-4E32-8977-5650A9BAD34A}.Debug|Any CPU.Build.0 = Debug|Any CPU
		{2C4D4688-4500-4E32-8977-5650A9BAD34A}.Debug|x64.ActiveCfg = Debug|Any CPU
		{2C4D4688-4500-4E32-8977-5650A9BAD34A}.Debug|x64.Build.0 = Debug|Any CPU
		{2C4D4688-4500-4E32-8977-5650A9BAD34A}.Debug|x86.ActiveCfg = Debug|Any CPU
		{2C4D4688-4500-4E32-8977-5650A9BAD34A}.Debug|x86.Build.0 = Debug|Any CPU
		{2C4D4688-4500-4E32-8977-5650A9BAD34A}.Release|Any CPU.ActiveCfg = Release|Any CPU
		{2C4D4688-4500-4E32-8977-5650A9BAD34A}.Release|Any CPU.Build.0 = Release|Any CPU
		{2C4D4688-4500-4E32-8977-5650A9BAD34A}.Release|x64.ActiveCfg = Release|Any CPU
		{2C4D4688-4500-4E32-8977-5650A9BAD34A}.Release|x64.Build.0 = Release|Any CPU
		{2C4D4688-4500-4E32-8977-5650A9BAD34A}.Release|x86.ActiveCfg = Release|Any CPU
		{2C4D4688-4500-4E32-8977-5650A9BAD34A}.Release|x86.Build.0 = Release|Any CPU
	EndGlobalSection
	GlobalSection(SolutionProperties) = preSolution
		HideSolutionNode = FALSE
	EndGlobalSection
	GlobalSection(NestedProjects) = preSolution
		{81034408-37C8-1011-444E-4C15C2FADA8E} = {827E0CD3-B72D-47B6-A68D-7590B98EB39B}
		{B493DA19-44CE-4D8B-BE8F-FD6CA445492B} = {81034408-37C8-1011-444E-4C15C2FADA8E}
		{82070EE1-719F-2840-8B2E-C31DA1CB4996} = {827E0CD3-B72D-47B6-A68D-7590B98EB39B}
		{EAF5331B-627D-4D01-A7AD-ADF49E2AA734} = {82070EE1-719F-2840-8B2E-C31DA1CB4996}
		{0796A545-0232-5A86-4D4B-22DE456F7E19} = {827E0CD3-B72D-47B6-A68D-7590B98EB39B}
		{2E4E431B-EC18-43A0-9C94-E30C9AC88EC8} = {0796A545-0232-5A86-4D4B-22DE456F7E19}
		{5F5D2DA1-D523-9746-CCCB-000D35E306D2} = {827E0CD3-B72D-47B6-A68D-7590B98EB39B}
		{D49E44C4-54CC-49CD-B1FF-3D7370753E5A} = {5F5D2DA1-D523-9746-CCCB-000D35E306D2}
		{8D626EA8-CB54-BC41-363A-217881BEBA6E} = {827E0CD3-B72D-47B6-A68D-7590B98EB39B}
		{2C4D4688-4500-4E32-8977-5650A9BAD34A} = {8D626EA8-CB54-BC41-363A-217881BEBA6E}
	EndGlobalSection
EndGlobal
